
Microsoft Visual Studio Solution File, Format Version 12.00
# Visual Studio Version 17
VisualStudioVersion = 17.6.33723.286
MinimumVisualStudioVersion = 10.0.40219.1
Project("{2150E333-8FDC-42A3-9474-1A3956D46DE8}") = "src", "src", "{9A04E2C7-F051-4D6F-94CF-2E55809FD901}"
EndProject
Project("{2150E333-8FDC-42A3-9474-1A3956D46DE8}") = "Application", "Application", "{B9F9582C-74A7-44B8-B578-4415AB9C13E7}"
EndProject
Project("{2150E333-8FDC-42A3-9474-1A3956D46DE8}") = "Domain", "Domain", "{BD68FC18-3992-498E-AEBA-10786D4165D7}"
EndProject
Project("{2150E333-8FDC-42A3-9474-1A3956D46DE8}") = "Infrastructure", "Infrastructure", "{41CF5187-8618-4688-A163-84D6EF1586EF}"
EndProject
Project("{2150E333-8FDC-42A3-9474-1A3956D46DE8}") = "Host", "Host", "{76A1715D-3D14-4C27-8CCB-35425F53A2DC}"
EndProject
Project("{9A19103F-16F7-4668-BE54-9A1E7A4F7556}") = "DbLogger.Application.AppData", "Application\DbLogger.Application.AppData\DbLogger.Application.AppData.csproj", "{528B8CC5-6672-4C86-9D12-9FAF2FBEC6A0}"
	ProjectSection(ProjectDependencies) = postProject
		{9B834E62-D225-411E-9D09-34BED5F4EA4D} = {9B834E62-D225-411E-9D09-34BED5F4EA4D}
		{9FDEB8BE-3357-461A-8D73-B1FC41A6A695} = {9FDEB8BE-3357-461A-8D73-B1FC41A6A695}
	EndProjectSection
EndProject
Project("{9A19103F-16F7-4668-BE54-9A1E7A4F7556}") = "DbLogger.Domain", "Domain\DbLogger.Domain\DbLogger.Domain\DbLogger.Domain.csproj", "{9B834E62-D225-411E-9D09-34BED5F4EA4D}"
EndProject
Project("{9A19103F-16F7-4668-BE54-9A1E7A4F7556}") = "DbLogger.Host.Api", "Host\DbLogger.Host.Api\DbLogger.Host.Api.csproj", "{43A5D17A-7B9A-4A27-BB7A-0A3C139146A6}"
EndProject
Project("{9A19103F-16F7-4668-BE54-9A1E7A4F7556}") = "DbLogger.Infrastructure.DataAccess", "Infrastructure\DbLogger.Infrastructure.DataAccess\DbLogger.Infrastructure.DataAccess.csproj", "{4137A2CA-558D-47D2-BD32-77B235368880}"
EndProject
Project("{9A19103F-16F7-4668-BE54-9A1E7A4F7556}") = "DbLogger.Infrastructure", "Infrastructure\DbLogger.Infrastructure\DbLogger.Infrastructure.csproj", "{83F3F8CA-AF87-4733-B551-55EC1379F48B}"
EndProject
Project("{2150E333-8FDC-42A3-9474-1A3956D46DE8}") = "Contracts", "Contracts", "{EA5DC012-AEA1-4BDE-9282-7572A9A6EA0F}"
EndProject
Project("{FAE04EC0-301F-11D3-BF4B-00C04F79EFBC}") = "DbLogger.Contracts", "Contracts\DbLogger.Contracts\DbLogger.Contracts.csproj", "{9FDEB8BE-3357-461A-8D73-B1FC41A6A695}"
EndProject
Project("{FAE04EC0-301F-11D3-BF4B-00C04F79EFBC}") = "DbLogger.Host.DbMigrator", "Host\DbLogger.Host.DbMigrator\DbLogger.Host.DbMigrator.csproj", "{8B31E93E-3E3D-4354-964B-CF73AA2B4683}"
EndProject
Global
	GlobalSection(SolutionConfigurationPlatforms) = preSolution
		Debug|Any CPU = Debug|Any CPU
		Release|Any CPU = Release|Any CPU
	EndGlobalSection
	GlobalSection(ProjectConfigurationPlatforms) = postSolution
		{528B8CC5-6672-4C86-9D12-9FAF2FBEC6A0}.Debug|Any CPU.ActiveCfg = Debug|Any CPU
		{528B8CC5-6672-4C86-9D12-9FAF2FBEC6A0}.Debug|Any CPU.Build.0 = Debug|Any CPU
		{528B8CC5-6672-4C86-9D12-9FAF2FBEC6A0}.Release|Any CPU.ActiveCfg = Release|Any CPU
		{528B8CC5-6672-4C86-9D12-9FAF2FBEC6A0}.Release|Any CPU.Build.0 = Release|Any CPU
		{9B834E62-D225-411E-9D09-34BED5F4EA4D}.Debug|Any CPU.ActiveCfg = Debug|Any CPU
		{9B834E62-D225-411E-9D09-34BED5F4EA4D}.Debug|Any CPU.Build.0 = Debug|Any CPU
		{9B834E62-D225-411E-9D09-34BED5F4EA4D}.Release|Any CPU.ActiveCfg = Release|Any CPU
		{9B834E62-D225-411E-9D09-34BED5F4EA4D}.Release|Any CPU.Build.0 = Release|Any CPU
		{43A5D17A-7B9A-4A27-BB7A-0A3C139146A6}.Debug|Any CPU.ActiveCfg = Debug|Any CPU
		{43A5D17A-7B9A-4A27-BB7A-0A3C139146A6}.Debug|Any CPU.Build.0 = Debug|Any CPU
		{43A5D17A-7B9A-4A27-BB7A-0A3C139146A6}.Release|Any CPU.ActiveCfg = Release|Any CPU
		{43A5D17A-7B9A-4A27-BB7A-0A3C139146A6}.Release|Any CPU.Build.0 = Release|Any CPU
		{4137A2CA-558D-47D2-BD32-77B235368880}.Debug|Any CPU.ActiveCfg = Debug|Any CPU
		{4137A2CA-558D-47D2-BD32-77B235368880}.Debug|Any CPU.Build.0 = Debug|Any CPU
		{4137A2CA-558D-47D2-BD32-77B235368880}.Release|Any CPU.ActiveCfg = Release|Any CPU
		{4137A2CA-558D-47D2-BD32-77B235368880}.Release|Any CPU.Build.0 = Release|Any CPU
		{83F3F8CA-AF87-4733-B551-55EC1379F48B}.Debug|Any CPU.ActiveCfg = Debug|Any CPU
		{83F3F8CA-AF87-4733-B551-55EC1379F48B}.Debug|Any CPU.Build.0 = Debug|Any CPU
		{83F3F8CA-AF87-4733-B551-55EC1379F48B}.Release|Any CPU.ActiveCfg = Release|Any CPU
		{83F3F8CA-AF87-4733-B551-55EC1379F48B}.Release|Any CPU.Build.0 = Release|Any CPU
		{9FDEB8BE-3357-461A-8D73-B1FC41A6A695}.Debug|Any CPU.ActiveCfg = Debug|Any CPU
		{9FDEB8BE-3357-461A-8D73-B1FC41A6A695}.Debug|Any CPU.Build.0 = Debug|Any CPU
		{9FDEB8BE-3357-461A-8D73-B1FC41A6A695}.Release|Any CPU.ActiveCfg = Release|Any CPU
		{9FDEB8BE-3357-461A-8D73-B1FC41A6A695}.Release|Any CPU.Build.0 = Release|Any CPU
		{8B31E93E-3E3D-4354-964B-CF73AA2B4683}.Debug|Any CPU.ActiveCfg = Debug|Any CPU
		{8B31E93E-3E3D-4354-964B-CF73AA2B4683}.Debug|Any CPU.Build.0 = Debug|Any CPU
		{8B31E93E-3E3D-4354-964B-CF73AA2B4683}.Release|Any CPU.ActiveCfg = Release|Any CPU
		{8B31E93E-3E3D-4354-964B-CF73AA2B4683}.Release|Any CPU.Build.0 = Release|Any CPU
	EndGlobalSection
	GlobalSection(SolutionProperties) = preSolution
		HideSolutionNode = FALSE
	EndGlobalSection
	GlobalSection(NestedProjects) = preSolution
		{B9F9582C-74A7-44B8-B578-4415AB9C13E7} = {9A04E2C7-F051-4D6F-94CF-2E55809FD901}
		{BD68FC18-3992-498E-AEBA-10786D4165D7} = {9A04E2C7-F051-4D6F-94CF-2E55809FD901}
		{41CF5187-8618-4688-A163-84D6EF1586EF} = {9A04E2C7-F051-4D6F-94CF-2E55809FD901}
		{76A1715D-3D14-4C27-8CCB-35425F53A2DC} = {9A04E2C7-F051-4D6F-94CF-2E55809FD901}
		{528B8CC5-6672-4C86-9D12-9FAF2FBEC6A0} = {B9F9582C-74A7-44B8-B578-4415AB9C13E7}
		{9B834E62-D225-411E-9D09-34BED5F4EA4D} = {BD68FC18-3992-498E-AEBA-10786D4165D7}
		{43A5D17A-7B9A-4A27-BB7A-0A3C139146A6} = {76A1715D-3D14-4C27-8CCB-35425F53A2DC}
		{4137A2CA-558D-47D2-BD32-77B235368880} = {41CF5187-8618-4688-A163-84D6EF1586EF}
		{83F3F8CA-AF87-4733-B551-55EC1379F48B} = {41CF5187-8618-4688-A163-84D6EF1586EF}
		{EA5DC012-AEA1-4BDE-9282-7572A9A6EA0F} = {9A04E2C7-F051-4D6F-94CF-2E55809FD901}
		{9FDEB8BE-3357-461A-8D73-B1FC41A6A695} = {EA5DC012-AEA1-4BDE-9282-7572A9A6EA0F}
		{8B31E93E-3E3D-4354-964B-CF73AA2B4683} = {76A1715D-3D14-4C27-8CCB-35425F53A2DC}
	EndGlobalSection
	GlobalSection(ExtensibilityGlobals) = postSolution
		SolutionGuid = {214159F7-632D-41B8-AC29-DFE2E09175A0}
	EndGlobalSection
EndGlobal
